github.com/suzuki-shunsuke/test-go-module-1 v0.0.0-20191130141536-bd7c97b904d6/go.mod h1:fpKPLiwBjL8xm8UfmSaRA/Bu3F+nMbnEJFyQyPG6xeE=
github.com/suzuki-shunsuke/test-go-module-2 v1.0.0 h1:NT+PHkUrlqDlUOV6wmUh3D2fBGIDlUl/wb4IG4Vb9Mw=
github.com/suzuki-shunsuke/test-go-module-2 v1.0.0/go.mod h1:8/l7EZu3MmN8OYN+Fat/q9bNq1Sjim+Mib6aBV7osjc=
